
Microsoft Visual Studio Solution File, Format Version 12.00
# Visual Studio Version 16
VisualStudioVersion = 16.0.30330.147
MinimumVisualStudioVersion = 10.0.40219.1
Project("{9A19103F-16F7-4668-BE54-9A1E7A4F7556}") = "DeepTownClicker", "DeepTownClicker.csproj", "{EFB313A7-CE8E-4A68-AA10-34CCAFC4E0AB}"
EndProject
Global
	GlobalSection(SolutionConfigurationPlatforms) = preSolution
		Debug|Any CPU = Debug|Any CPU
		Release|Any CPU = Release|Any CPU
	EndGlobalSection
	GlobalSection(ProjectConfigurationPlatforms) = postSolution
		{EFB313A7-CE8E-4A68-AA10-34CCAFC4E0AB}.Debug|Any CPU.ActiveCfg = Debug|Any CPU
		{EFB313A7-CE8E-4A68-AA10-34CCAFC4E0AB}.Debug|Any CPU.Build.0 = Debug|Any CPU
		{EFB313A7-CE8E-4A68-AA10-34CCAFC4E0AB}.Release|Any CPU.ActiveCfg = Release|Any CPU
		{EFB313A7-CE8E-4A68-AA10-34CCAFC4E0AB}.Release|Any CPU.Build.0 = Release|Any CPU
	EndGlobalSection
	GlobalSection(SolutionProperties) = preSolution
		HideSolutionNode = FALSE
	EndGlobalSection
	GlobalSection(ExtensibilityGlobals) = postSolution
		SolutionGuid = {4DC9CD29-DE48-4FB5-9310-58D33A092EC0}
	EndGlobalSection
EndGlobal
